
Microsoft Visual Studio Solution File, Format Version 12.00
# Visual Studio 14
VisualStudioVersion = 14.0.25420.1
MinimumVisualStudioVersion = 10.0.40219.1
Project("{FAE04EC0-301F-11D3-BF4B-00C04F79EFBC}") = "Logic", "Logic\Logic.csproj", "{EDEB20AE-F0C2-4A05-8BE9-3CB173543CFB}"
EndProject
Project("{FAE04EC0-301F-11D3-BF4B-00C04F79EFBC}") = "ConsoleApplication", "ConsoleApplication\ConsoleApplication.csproj", "{2B100A62-40D4-43A5-BAA5-50F656B83709}"
EndProject
Project("{FAE04EC0-301F-11D3-BF4B-00C04F79EFBC}") = "WebView", "WebView\WebView.csproj", "{FD2CF5F8-293D-4DBE-95D8-C794AA49F463}"
EndProject
Global
	GlobalSection(SolutionConfigurationPlatforms) = preSolution
		Debug|Any CPU = Debug|Any CPU
		Release|Any CPU = Release|Any CPU
		Debug|x64 = Debug|x64
		Debug|x86 = Debug|x86
		Release|x64 = Release|x64
		Release|x86 = Release|x86
	EndGlobalSection
	GlobalSection(ProjectConfigurationPlatforms) = postSolution
		{EDEB20AE-F0C2-4A05-8BE9-3CB173543CFB}.Debug|Any CPU.ActiveCfg = Debug|Any CPU
		{EDEB20AE-F0C2-4A05-8BE9-3CB173543CFB}.Debug|Any CPU.Build.0 = Debug|Any CPU
		{EDEB20AE-F0C2-4A05-8BE9-3CB173543CFB}.Debug|x64.ActiveCfg = Debug|x64
		{EDEB20AE-F0C2-4A05-8BE9-3CB173543CFB}.Debug|x64.Build.0 = Debug|x64
		{EDEB20AE-F0C2-4A05-8BE9-3CB173543CFB}.Debug|x86.ActiveCfg = Debug|x86
		{EDEB20AE-F0C2-4A05-8BE9-3CB173543CFB}.Debug|x86.Build.0 = Debug|x86
		{EDEB20AE-F0C2-4A05-8BE9-3CB173543CFB}.Release|Any CPU.ActiveCfg = Release|Any CPU
		{EDEB20AE-F0C2-4A05-8BE9-3CB173543CFB}.Release|Any CPU.Build.0 = Release|Any CPU
		{EDEB20AE-F0C2-4A05-8BE9-3CB173543CFB}.Release|x64.ActiveCfg = Release|x64
		{EDEB20AE-F0C2-4A05-8BE9-3CB173543CFB}.Release|x64.Build.0 = Release|x64
		{EDEB20AE-F0C2-4A05-8BE9-3CB173543CFB}.Release|x86.ActiveCfg = Release|x86
		{EDEB20AE-F0C2-4A05-8BE9-3CB173543CFB}.Release|x86.Build.0 = Release|x86
		{2B100A62-40D4-43A5-BAA5-50F656B83709}.Debug|Any CPU.ActiveCfg = Debug|Any CPU
		{2B100A62-40D4-43A5-BAA5-50F656B83709}.Debug|Any CPU.Build.0 = Debug|Any CPU
		{2B100A62-40D4-43A5-BAA5-50F656B83709}.Release|Any CPU.ActiveCfg = Release|Any CPU
		{2B100A62-40D4-43A5-BAA5-50F656B83709}.Release|Any CPU.Build.0 = Release|Any CPU
		{2B100A62-40D4-43A5-BAA5-50F656B83709}.Debug|x64.ActiveCfg = Debug|x64
		{2B100A62-40D4-43A5-BAA5-50F656B83709}.Debug|x64.Build.0 = Debug|x64
		{2B100A62-40D4-43A5-BAA5-50F656B83709}.Debug|x86.ActiveCfg = Debug|x86
		{2B100A62-40D4-43A5-BAA5-50F656B83709}.Debug|x86.Build.0 = Debug|x86
		{2B100A62-40D4-43A5-BAA5-50F656B83709}.Release|x64.ActiveCfg = Release|x64
		{2B100A62-40D4-43A5-BAA5-50F656B83709}.Release|x64.Build.0 = Release|x64
		{2B100A62-40D4-43A5-BAA5-50F656B83709}.Release|x86.ActiveCfg = Release|x86
		{2B100A62-40D4-43A5-BAA5-50F656B83709}.Release|x86.Build.0 = Release|x86
		{FD2CF5F8-293D-4DBE-95D8-C794AA49F463}.Debug|Any CPU.ActiveCfg = Debug|Any CPU
		{FD2CF5F8-293D-4DBE-95D8-C794AA49F463}.Debug|Any CPU.Build.0 = Debug|Any CPU
		{FD2CF5F8-293D-4DBE-95D8-C794AA49F463}.Debug|x64.ActiveCfg = Debug|x64
		{FD2CF5F8-293D-4DBE-95D8-C794AA49F463}.Debug|x64.Build.0 = Debug|x64
		{FD2CF5F8-293D-4DBE-95D8-C794AA49F463}.Debug|x86.ActiveCfg = Debug|x86
		{FD2CF5F8-293D-4DBE-95D8-C794AA49F463}.Debug|x86.Build.0 = Debug|x86
		{FD2CF5F8-293D-4DBE-95D8-C794AA49F463}.Release|Any CPU.ActiveCfg = Release|Any CPU
		{FD2CF5F8-293D-4DBE-95D8-C794AA49F463}.Release|Any CPU.Build.0 = Release|Any CPU
		{FD2CF5F8-293D-4DBE-95D8-C794AA49F463}.Release|x64.ActiveCfg = Release|x64
		{FD2CF5F8-293D-4DBE-95D8-C794AA49F463}.Release|x64.Build.0 = Release|x64
		{FD2CF5F8-293D-4DBE-95D8-C794AA49F463}.Release|x86.ActiveCfg = Release|x86
		{FD2CF5F8-293D-4DBE-95D8-C794AA49F463}.Release|x86.Build.0 = Release|x86
	EndGlobalSection
	GlobalSection(SolutionProperties) = preSolution
		HideSolutionNode = FALSE
	EndGlobalSection
EndGlobal
